
Microsoft Visual Studio Solution File, Format Version 12.00
# Visual Studio Version 16
VisualStudioVersion = 16.0.32802.440
MinimumVisualStudioVersion = 10.0.40219.1
Project("{9A19103F-16F7-4668-BE54-9A1E7A4F7556}") = "PlusMinus", "PlusMinus\PlusMinus.csproj", "{D5B5C84F-D577-4279-AA31-40DB3BBC25C5}"
EndProject
Project("{9A19103F-16F7-4668-BE54-9A1E7A4F7556}") = "MiniMaxSum", "MiniMaxSum\MiniMaxSum.csproj", "{00BB204C-CC72-4429-9368-965AC1E6C1A5}"
EndProject
Project("{9A19103F-16F7-4668-BE54-9A1E7A4F7556}") = "TimeConversion", "TimeConversion\TimeConversion.csproj", "{53C0E7E9-A61F-40DC-B557-0B5CA38DA609}"
EndProject
Project("{9A19103F-16F7-4668-BE54-9A1E7A4F7556}") = "SparseArrays", "SparseArrays\SparseArrays.csproj", "{E56B0CF8-715F-44E5-AD40-8A998ED2E996}"
EndProject
Project("{9A19103F-16F7-4668-BE54-9A1E7A4F7556}") = "FlippingBits", "FlippingBits\FlippingBits.csproj", "{842C9B80-71FF-43B8-88BC-C6D509E28D4E}"
EndProject
Project("{9A19103F-16F7-4668-BE54-9A1E7A4F7556}") = "DiagonalDifference", "DiagonalDifference\DiagonalDifference.csproj", "{6DAB5A43-C027-45C7-90E0-71419BD4F26E}"
EndProject
Project("{FAE04EC0-301F-11D3-BF4B-00C04F79EFBC}") = "CountingSort1", "CountingSort1\CountingSort1.csproj", "{F1ECC91F-0178-4179-A49E-C91DD0882F10}"
EndProject
Global
	GlobalSection(SolutionConfigurationPlatforms) = preSolution
		Debug|Any CPU = Debug|Any CPU
		Release|Any CPU = Release|Any CPU
	EndGlobalSection
	GlobalSection(ProjectConfigurationPlatforms) = postSolution
		{D5B5C84F-D577-4279-AA31-40DB3BBC25C5}.Debug|Any CPU.ActiveCfg = Debug|Any CPU
		{D5B5C84F-D577-4279-AA31-40DB3BBC25C5}.Debug|Any CPU.Build.0 = Debug|Any CPU
		{D5B5C84F-D577-4279-AA31-40DB3BBC25C5}.Release|Any CPU.ActiveCfg = Release|Any CPU
		{D5B5C84F-D577-4279-AA31-40DB3BBC25C5}.Release|Any CPU.Build.0 = Release|Any CPU
		{00BB204C-CC72-4429-9368-965AC1E6C1A5}.Debug|Any CPU.ActiveCfg = Debug|Any CPU
		{00BB204C-CC72-4429-9368-965AC1E6C1A5}.Debug|Any CPU.Build.0 = Debug|Any CPU
		{00BB204C-CC72-4429-9368-965AC1E6C1A5}.Release|Any CPU.ActiveCfg = Release|Any CPU
		{00BB204C-CC72-4429-9368-965AC1E6C1A5}.Release|Any CPU.Build.0 = Release|Any CPU
		{53C0E7E9-A61F-40DC-B557-0B5CA38DA609}.Debug|Any CPU.ActiveCfg = Debug|Any CPU
		{53C0E7E9-A61F-40DC-B557-0B5CA38DA609}.Debug|Any CPU.Build.0 = Debug|Any CPU
		{53C0E7E9-A61F-40DC-B557-0B5CA38DA609}.Release|Any CPU.ActiveCfg = Release|Any CPU
		{53C0E7E9-A61F-40DC-B557-0B5CA38DA609}.Release|Any CPU.Build.0 = Release|Any CPU
		{E56B0CF8-715F-44E5-AD40-8A998ED2E996}.Debug|Any CPU.ActiveCfg = Debug|Any CPU
		{E56B0CF8-715F-44E5-AD40-8A998ED2E996}.Debug|Any CPU.Build.0 = Debug|Any CPU
		{E56B0CF8-715F-44E5-AD40-8A998ED2E996}.Release|Any CPU.ActiveCfg = Release|Any CPU
		{E56B0CF8-715F-44E5-AD40-8A998ED2E996}.Release|Any CPU.Build.0 = Release|Any CPU
		{842C9B80-71FF-43B8-88BC-C6D509E28D4E}.Debug|Any CPU.ActiveCfg = Debug|Any CPU
		{842C9B80-71FF-43B8-88BC-C6D509E28D4E}.Debug|Any CPU.Build.0 = Debug|Any CPU
		{842C9B80-71FF-43B8-88BC-C6D509E28D4E}.Release|Any CPU.ActiveCfg = Release|Any CPU
		{842C9B80-71FF-43B8-88BC-C6D509E28D4E}.Release|Any CPU.Build.0 = Release|Any CPU
		{6DAB5A43-C027-45C7-90E0-71419BD4F26E}.Debug|Any CPU.ActiveCfg = Debug|Any CPU
		{6DAB5A43-C027-45C7-90E0-71419BD4F26E}.Debug|Any CPU.Build.0 = Debug|Any CPU
		{6DAB5A43-C027-45C7-90E0-71419BD4F26E}.Release|Any CPU.ActiveCfg = Release|Any CPU
		{6DAB5A43-C027-45C7-90E0-71419BD4F26E}.Release|Any CPU.Build.0 = Release|Any CPU
		{F1ECC91F-0178-4179-A49E-C91DD0882F10}.Debug|Any CPU.ActiveCfg = Debug|Any CPU
		{F1ECC91F-0178-4179-A49E-C91DD0882F10}.Debug|Any CPU.Build.0 = Debug|Any CPU
		{F1ECC91F-0178-4179-A49E-C91DD0882F10}.Release|Any CPU.ActiveCfg = Release|Any CPU
		{F1ECC91F-0178-4179-A49E-C91DD0882F10}.Release|Any CPU.Build.0 = Release|Any CPU
	EndGlobalSection
	GlobalSection(SolutionProperties) = preSolution
		HideSolutionNode = FALSE
	EndGlobalSection
	GlobalSection(ExtensibilityGlobals) = postSolution
		SolutionGuid = {DD4AF638-C299-4AF9-9037-34779E1896AE}
	EndGlobalSection
EndGlobal
